
Microsoft Visual Studio Solution File, Format Version 12.00
# Visual Studio Version 17
VisualStudioVersion = 17.7.34221.43
MinimumVisualStudioVersion = 10.0.40219.1
Project("{9A19103F-16F7-4668-BE54-9A1E7A4F7556}") = "3Pillars_Backend_PL", "3Pillars_Backend_PL\3Pillars_Backend_PL.csproj", "{E0945698-60D1-4E74-922C-8FA8B80EE888}"
EndProject
Project("{9A19103F-16F7-4668-BE54-9A1E7A4F7556}") = "3Pillars_Backend_BLL", "3Pillars_Backend_BLL\3Pillars_Backend_BLL.csproj", "{F47AA047-420A-478B-93C1-DA0B03A4F714}"
EndProject
Project("{9A19103F-16F7-4668-BE54-9A1E7A4F7556}") = "3Pillars_Backend_DAL", "3Pillars_Backend_DAL\3Pillars_Backend_DAL.csproj", "{8BBC8B05-1223-4D1D-857F-03C9F8136E8F}"
EndProject
Project("{FAE04EC0-301F-11D3-BF4B-00C04F79EFBC}") = "3Pillars_Backend_Repository", "3Pillars_Backend_Repository\3Pillars_Backend_Repository.csproj", "{34941BC4-1674-454F-A77E-C60B454E78DF}"
EndProject
Global
	GlobalSection(SolutionConfigurationPlatforms) = preSolution
		Debug|Any CPU = Debug|Any CPU
		Release|Any CPU = Release|Any CPU
	EndGlobalSection
	GlobalSection(ProjectConfigurationPlatforms) = postSolution
		{E0945698-60D1-4E74-922C-8FA8B80EE888}.Debug|Any CPU.ActiveCfg = Debug|Any CPU
		{E0945698-60D1-4E74-922C-8FA8B80EE888}.Debug|Any CPU.Build.0 = Debug|Any CPU
		{E0945698-60D1-4E74-922C-8FA8B80EE888}.Release|Any CPU.ActiveCfg = Release|Any CPU
		{E0945698-60D1-4E74-922C-8FA8B80EE888}.Release|Any CPU.Build.0 = Release|Any CPU
		{F47AA047-420A-478B-93C1-DA0B03A4F714}.Debug|Any CPU.ActiveCfg = Debug|Any CPU
		{F47AA047-420A-478B-93C1-DA0B03A4F714}.Debug|Any CPU.Build.0 = Debug|Any CPU
		{F47AA047-420A-478B-93C1-DA0B03A4F714}.Release|Any CPU.ActiveCfg = Release|Any CPU
		{F47AA047-420A-478B-93C1-DA0B03A4F714}.Release|Any CPU.Build.0 = Release|Any CPU
		{8BBC8B05-1223-4D1D-857F-03C9F8136E8F}.Debug|Any CPU.ActiveCfg = Debug|Any CPU
		{8BBC8B05-1223-4D1D-857F-03C9F8136E8F}.Debug|Any CPU.Build.0 = Debug|Any CPU
		{8BBC8B05-1223-4D1D-857F-03C9F8136E8F}.Release|Any CPU.ActiveCfg = Release|Any CPU
		{8BBC8B05-1223-4D1D-857F-03C9F8136E8F}.Release|Any CPU.Build.0 = Release|Any CPU
		{34941BC4-1674-454F-A77E-C60B454E78DF}.Debug|Any CPU.ActiveCfg = Debug|Any CPU
		{34941BC4-1674-454F-A77E-C60B454E78DF}.Debug|Any CPU.Build.0 = Debug|Any CPU
		{34941BC4-1674-454F-A77E-C60B454E78DF}.Release|Any CPU.ActiveCfg = Release|Any CPU
		{34941BC4-1674-454F-A77E-C60B454E78DF}.Release|Any CPU.Build.0 = Release|Any CPU
	EndGlobalSection
	GlobalSection(SolutionProperties) = preSolution
		HideSolutionNode = FALSE
	EndGlobalSection
	GlobalSection(ExtensibilityGlobals) = postSolution
		SolutionGuid = {B80C9347-4318-4416-89E2-099F14C23B3D}
	EndGlobalSection
EndGlobal
